github.com/ebitengine/purego v0.3.0 h1:BDv9pD98k6AuGNQf3IF41dDppGBOe0F4AofvhFtBXF4=
github.com/ebitengine/purego v0.3.0/go.mod h1:iIjxzd6CiRiOG0UyXP+V1+jWqUXVjPKLAI0mRfJZTmQ=
github.com/gomarkdown/markdown v0.0.0-20230322041520-c84983bdbf2a h1:AWZzzFrqyjYlRloN6edwTLTUbKxf5flLXNuTBDm3Ews=
github.com/gomarkdown/markdown v0.0.0-20230322041520-c84983bdbf2a/go.mod h1:JDGcbDT52eL4fju3sZ4TeHGsQwhG9nbDV21aMyhwPoA=
github.com/gorilla/websocket v1.5.0 h1:PPwGk2jz7EePpoHN/+ClbZu8SPxiqlu12wZP/3sWmnc=
github.com/gorilla/websocket v1.5.0/go.mod h1:YR8l580nyteQvAITg2hZ9XVh4b55+EU/adAjf1fMHhE=
github.com/hajimehoshi/ebiten/v2 v2.5.0 h1:jnz5dngMflIbsIZoj19Vs4zF3kDv1hPUFSeu4r0hIpY=
github.com/hajimehoshi/ebiten/v2 v2.5.0/go.mod h1:mnHSOVysTr/nUZrN1lBTRqhK4NG+T9NR3JsJP2rCppk=
github.com/hajimehoshi/go-mp3 v0.3.4 h1:NUP7pBYH8OguP4diaTZ9wJbUbk3tC0KlfzsEpWmYj68=
github.com/hajimehoshi/go-mp3 v0.3.4/go.mod h1:fRtZraRFcWb0pu7ok0LqyFhCUrPeMsGRSVop0eemFmo=
github.com/hajimehoshi/oto/v2 v2.3.1/go.mod h1:seWLbgHH7AyUMYKfKYT9pg7PhUu9/SisyJvNTT+ASQo=
github.com/hajimehoshi/oto/v2 v2.4.0 h1:2A8QvGJZ7nXwcfIIthaqWdzDn9Ul/er6oASiKcsfiLg=
github.com/hajimehoshi/oto/v2 v2.4.0/go.mod h1:74bRBgfJaEDpP3NyVyHIYBJE4DgzJ2IP5l/st5qcJog=
golang.org/x/sys v0.0.0-20220712014510-0a85c31ab51e/go.mod h1:oPkhp1MJrh7nUepCBck5+mAzfO9JrbApNNgaTdGDITg=
golang.org/x/sys v0.6.0 h1:MVltZSvRTcU2ljQOhs94SXPftV6DCNnZViHeQps87pQ=
golang.org/x/sys v0.6.0/go.mod h1:oPkhp1MJrh7nUepCBck5+mAzfO9JrbApNNgaTdGDITg=
